
Microsoft Visual Studio Solution File, Format Version 12.00
# Visual Studio Version 17
VisualStudioVersion = 17.2.32602.215
MinimumVisualStudioVersion = 10.0.40219.1
Project("{FAE04EC0-301F-11D3-BF4B-00C04F79EFBC}") = "LibraryDB_Pavel", "LibraryDB_Pavel\LibraryDB_Pavel.csproj", "{EC8F8171-65D7-4CDF-B811-59FEDA94D24A}"
EndProject
Global
	GlobalSection(SolutionConfigurationPlatforms) = preSolution
		Debug|Any CPU = Debug|Any CPU
		Release|Any CPU = Release|Any CPU
	EndGlobalSection
	GlobalSection(ProjectConfigurationPlatforms) = postSolution
		{EC8F8171-65D7-4CDF-B811-59FEDA94D24A}.Debug|Any CPU.ActiveCfg = Debug|Any CPU
		{EC8F8171-65D7-4CDF-B811-59FEDA94D24A}.Debug|Any CPU.Build.0 = Debug|Any CPU
		{EC8F8171-65D7-4CDF-B811-59FEDA94D24A}.Release|Any CPU.ActiveCfg = Release|Any CPU
		{EC8F8171-65D7-4CDF-B811-59FEDA94D24A}.Release|Any CPU.Build.0 = Release|Any CPU
	EndGlobalSection
	GlobalSection(SolutionProperties) = preSolution
		HideSolutionNode = FALSE
	EndGlobalSection
	GlobalSection(ExtensibilityGlobals) = postSolution
		SolutionGuid = {4BAF7FE0-3858-4B82-8EB5-18B06EB65337}
	EndGlobalSection
EndGlobal
